{
  "version": 4,
  "terraform_version": "1.12.1",
  "serial": 244,
  "lineage": "212a4817-efd4-38f0-7b6a-aeb58c697369",
  "outputs": {
    "control_node_public_ip": {
      "value": "98.86.157.139",
      "type": "string"
    },
    "webservers_private_ips": {
      "value": [
        [
          "10.0.1.207"
        ],
        [
          "10.0.1.216"
        ]
      ],
      "type": [
        "tuple",
        [
          [
            "tuple",
            [
              "string"
            ]
          ],
          [
            "tuple",
            [
              "string"
            ]
          ]
        ]
      ]
    },
    "webservers_public_ips": {
      "value": [
        [
          "44.192.2.29"
        ],
        [
          "44.203.11.29"
        ]
      ],
      "type": [
        "tuple",
        [
          [
            "tuple",
            [
              "string"
            ]
          ],
          [
            "tuple",
            [
              "string"
            ]
          ]
        ]
      ]
    }
  },
  "resources": [
    {
      "mode": "managed",
      "type": "aws_key_pair",
      "name": "deployer",
      "provider": "provider[\"registry.terraform.io/hashicorp/aws\"]",
      "instances": [
        {
          "schema_version": 1,
          "attributes": {
            "arn": "arn:aws:ec2:us-east-1:724772082485:key-pair/deployer-key",
            "fingerprint": "72:22:ed:42:a3:12:77:db:70:58:e0:bd:d1:06:df:b1",
            "id": "deployer-key",
            "key_name": "deployer-key",
            "key_name_prefix": "",
            "key_pair_id": "key-0501a82b05f63216e",
            "key_type": "rsa",
            "public_key": "ssh-rsa AAAAB3NzaC1yc2EAAAADAQABAAACAQC3P9WZ6+aqn5VHmFPRSOi4Kbmeh8qUzpQAjRt63jL3TTYy2SE1zI7yHqlPkavcbf1+uKWNe2trnVPGGo9XkPowVBPV4Io7vFZuZOwd/17ROpCr5je0BdqpWiYcNLEt+j2KRoU+llO2b5Ap7A2eo2Vhz3gcj/YIcvwV4/r11pNJZ5HFxh+6tD827xnJtAqZH3UNC2d0BPANk8lioiMCtOKbt6zGE62oSj2Fk5J/deh31EsxxlLfmCmVoYuh+E0E0L8CER1XWyZ2Kj1X7Sn42+h/SCsAdO111747zoUna4I1OsE7KXdSFrBeYugaSlvticfuZGOh5xEf30DiWr9GsfQHLtY01zZKib9UUv/1c6vogbwq7/uJOtihCNae3FkamJey4vGANRZsoIIBNo2OXVHt9QDGXPOZCO0KKMv/xkMTJWssY3BP4VtjWAWfqBc3T1ywTd+raEgasE4DN+5TtQU8ZjZdAr3YElO4DthCvCYguBrUArQLPLGWlE+Qn4qFruXmH2CTNnFBA9s+xPktf9JzxyOtAgczwUX/x2Yz7z/dwYlYznQ0j0StgRRkX6Rna+txoyAJQWGJwouSvwKHbneb9yVrvpyeQtrwIeXa2G61huFVNmLkAugovI2orZ3ngkZwiO1EY8UBjD72aM+xVOEfZzazdFQ7EevVQ3HHksB4Fw== seif pc@DESKTOP-K9EQIEB",
            "region": "us-east-1",
            "tags": null,
            "tags_all": {}
          },
          "sensitive_attributes": [],
          "identity_schema_version": 0,
          "private": "eyJzY2hlbWFfdmVyc2lvbiI6IjEifQ=="
        }
      ]
    },
    {
      "module": "module.controlnode",
      "mode": "managed",
      "type": "aws_iam_instance_profile",
      "name": "control_node_profile",
      "provider": "provider[\"registry.terraform.io/hashicorp/aws\"]",
      "instances": [
        {
          "schema_version": 0,
          "attributes": {
            "arn": "arn:aws:iam::724772082485:instance-profile/control-node-profile",
            "create_date": "2025-12-07T12:27:20Z",
            "id": "control-node-profile",
            "name": "control-node-profile",
            "name_prefix": "",
            "path": "/",
            "role": "control-node-role",
            "tags": null,
            "tags_all": {},
            "unique_id": "AIPA2RP6IKM2TM4U2S6VG"
          },
          "sensitive_attributes": [],
          "identity_schema_version": 0,
          "private": "bnVsbA==",
          "dependencies": [
            "module.controlnode.aws_iam_role.control_node_role"
          ]
        }
      ]
    },
    {
      "module": "module.controlnode",
      "mode": "managed",
      "type": "aws_iam_role",
      "name": "control_node_role",
      "provider": "provider[\"registry.terraform.io/hashicorp/aws\"]",
      "instances": [
        {
          "schema_version": 0,
          "attributes": {
            "arn": "arn:aws:iam::724772082485:role/control-node-role",
            "assume_role_policy": "{\"Statement\":[{\"Action\":\"sts:AssumeRole\",\"Effect\":\"Allow\",\"Principal\":{\"Service\":\"ec2.amazonaws.com\"}}],\"Version\":\"2012-10-17\"}",
            "create_date": "2025-12-07T12:27:19Z",
            "description": "",
            "force_detach_policies": false,
            "id": "control-node-role",
            "inline_policy": [],
            "managed_policy_arns": [],
            "max_session_duration": 3600,
            "name": "control-node-role",
            "name_prefix": "",
            "path": "/",
            "permissions_boundary": "",
            "tags": null,
            "tags_all": {},
            "unique_id": "AROA2RP6IKM24CSRPNBDQ"
          },
          "sensitive_attributes": [],
          "identity_schema_version": 0,
          "identity": {
            "account_id": "724772082485",
            "name": "control-node-role"
          },
          "private": "bnVsbA=="
        }
      ]
    },
    {
      "module": "module.controlnode",
      "mode": "managed",
      "type": "aws_iam_role_policy",
      "name": "control_node_policy",
      "provider": "provider[\"registry.terraform.io/hashicorp/aws\"]",
      "instances": [
        {
          "schema_version": 0,
          "attributes": {
            "id": "control-node-role:control-node-policy",
            "name": "control-node-policy",
            "name_prefix": "",
            "policy": "{\"Version\":\"2012-10-17\",\"Statement\":[{\"Action\":[\"ec2:DescribeInstances\",\"ec2:DescribeTags\"],\"Effect\":\"Allow\",\"Resource\":\"*\"}]}",
            "role": "control-node-role"
          },
          "sensitive_attributes": [],
          "identity_schema_version": 0,
          "identity": {
            "account_id": "724772082485",
            "name": "control-node-policy",
            "role": "control-node-role"
          },
          "private": "bnVsbA==",
          "dependencies": [
            "module.controlnode.aws_iam_role.control_node_role"
          ]
        }
      ]
    },
    {
      "module": "module.controlnode",
      "mode": "managed",
      "type": "aws_instance",
      "name": "controlnode",
      "provider": "provider[\"registry.terraform.io/hashicorp/aws\"]",
      "instances": [
        {
          "schema_version": 2,
          "attributes": {
            "ami": "ami-0c398cb65a93047f2",
            "arn": "arn:aws:ec2:us-east-1:724772082485:instance/i-0ac4a6795f30210b4",
            "associate_public_ip_address": true,
            "availability_zone": "us-east-1a",
            "capacity_reservation_specification": [
              {
                "capacity_reservation_preference": "open",
                "capacity_reservation_target": []
              }
            ],
            "cpu_options": [
              {
                "amd_sev_snp": "",
                "core_count": 1,
                "threads_per_core": 1
              }
            ],
            "credit_specification": [
              {
                "cpu_credits": "standard"
              }
            ],
            "disable_api_stop": false,
            "disable_api_termination": false,
            "ebs_block_device": [],
            "ebs_optimized": false,
            "enable_primary_ipv6": null,
            "enclave_options": [
              {
                "enabled": false
              }
            ],
            "ephemeral_block_device": [],
            "force_destroy": false,
            "get_password_data": false,
            "hibernation": false,
            "host_id": "",
            "host_resource_group_arn": null,
            "iam_instance_profile": "control-node-profile",
            "id": "i-0ac4a6795f30210b4",
            "instance_initiated_shutdown_behavior": "stop",
            "instance_lifecycle": "",
            "instance_market_options": [],
            "instance_state": "running",
            "instance_type": "t2.micro",
            "ipv6_address_count": 0,
            "ipv6_addresses": [],
            "key_name": "deployer-key",
            "launch_template": [],
            "maintenance_options": [
              {
                "auto_recovery": "default"
              }
            ],
            "metadata_options": [
              {
                "http_endpoint": "enabled",
                "http_protocol_ipv6": "disabled",
                "http_put_response_hop_limit": 1,
                "http_tokens": "optional",
                "instance_metadata_tags": "disabled"
              }
            ],
            "monitoring": false,
            "network_interface": [],
            "outpost_arn": "",
            "password_data": "",
            "placement_group": "",
            "placement_group_id": "",
            "placement_partition_number": 0,
            "primary_network_interface": [
              {
                "delete_on_termination": true,
                "network_interface_id": "eni-0d973988f9ca72b27"
              }
            ],
            "primary_network_interface_id": "eni-0d973988f9ca72b27",
            "private_dns": "ip-10-0-1-238.ec2.internal",
            "private_dns_name_options": [
              {
                "enable_resource_name_dns_a_record": false,
                "enable_resource_name_dns_aaaa_record": false,
                "hostname_type": "ip-name"
              }
            ],
            "private_ip": "10.0.1.238",
            "public_dns": "ec2-98-86-157-139.compute-1.amazonaws.com",
            "public_ip": "98.86.157.139",
            "region": "us-east-1",
            "root_block_device": [
              {
                "delete_on_termination": true,
                "device_name": "/dev/sda1",
                "encrypted": false,
                "iops": 100,
                "kms_key_id": "",
                "tags": {},
                "tags_all": {},
                "throughput": 0,
                "volume_id": "vol-0df70cf9872e74654",
                "volume_size": 8,
                "volume_type": "gp2"
              }
            ],
            "secondary_private_ips": [],
            "security_groups": [],
            "source_dest_check": true,
            "spot_instance_request_id": "",
            "subnet_id": "subnet-01261e10e889ef3bb",
            "tags": {
              "Name": "Control Node",
              "Role": "control"
            },
            "tags_all": {
              "Name": "Control Node",
              "Role": "control"
            },
            "tenancy": "default",
            "timeouts": null,
            "user_data": "#!/bin/bash\n\n#Hold Kernel updates\ndpkg --get-selections | grep -E 'linux-(image|headers)-[0-9]+' | awk '{print $1}' | xargs sudo apt-mark hold\n\n\n# Install Apache and PHP\napt install -y apache2 php python3 ansible boto3 botocore\n\n# Start and enable Apache\nsystemctl start apache2\nsystemctl enable apache2\n\n# Fetch instance metadata\nAZ=$(curl -s http://169.254.169.254/latest/meta-data/placement/availability-zone)\nINSTANCE_ID=$(curl -s http://169.254.169.254/latest/meta-data/instance-id)\nPUBLIC_IP=$(curl -s http://169.254.169.254/latest/meta-data/public-ipv4 || echo \"Not Assigned\")\nLOCAL_IP=$(curl -s http://169.254.169.254/latest/meta-data/local-ipv4)\n\n# Create a PHP script with metadata\ncat \u003c\u003cEOP \u003e /var/www/html/index.php\n\u003c!DOCTYPE html\u003e\n\u003chtml\u003e\n\u003chead\u003e\n    \u003ctitle\u003eInstance Details\u003c/title\u003e\n\u003c/head\u003e\n\u003cbody\u003e\n   \u003cdiv align=\"center\"\u003e\n\t\u003ch1\u003e Made by Seif Yakout \u003c/h1\u003e\n\t\u003ch1\u003eWelcome to the Control Node Instance\u003c/h1\u003e\n    \u003ch2\u003eInstance Details:\u003c/h2\u003e\n    \u003cul\u003e\n        \u003cli\u003eAvailability Zone: \u003c?php echo '$AZ'; ?\u003e\u003c/li\u003e\n        \u003cli\u003eInstance ID: \u003c?php echo '$INSTANCE_ID'; ?\u003e\u003c/li\u003e\n        \u003cli\u003ePublic IP: \u003c?php echo '$PUBLIC_IP'; ?\u003e\u003c/li\u003e\n        \u003cli\u003eLocal IP: \u003c?php echo '$LOCAL_IP'; ?\u003e\u003c/li\u003e\n    \u003c/ul\u003e\n    \u003c/div\u003e\n\u003c/body\u003e\n\u003c/html\u003e\nEOP\n\n# Set permissions\nchmod 644 /var/www/html/index.php\n\n# Restart Apache\nsystemctl restart apache2\nsystemctl  daemon-reload\n\n# Clone the repository\ncd /home/ubuntu\ngit clone https://github.com/SeifOssama/DevOps-Project",
            "user_data_base64": null,
            "user_data_replace_on_change": false,
            "volume_tags": null,
            "vpc_security_group_ids": [
              "sg-0c8fd83d7897ea912"
            ]
          },
          "sensitive_attributes": [],
          "identity_schema_version": 0,
          "identity": {
            "account_id": "724772082485",
            "id": "i-0ac4a6795f30210b4",
            "region": "us-east-1"
          },
          "private": "eyJlMmJmYjczMC1lY2FhLTExZTYtOGY4OC0zNDM2M2JjN2M0YzAiOnsiY3JlYXRlIjo2MDAwMDAwMDAwMDAsImRlbGV0ZSI6MTIwMDAwMDAwMDAwMCwicmVhZCI6OTAwMDAwMDAwMDAwLCJ1cGRhdGUiOjYwMDAwMDAwMDAwMH0sInNjaGVtYV92ZXJzaW9uIjoiMiJ9",
          "dependencies": [
            "aws_key_pair.deployer",
            "module.controlnode.aws_iam_instance_profile.control_node_profile",
            "module.controlnode.aws_iam_role.control_node_role",
            "module.controlnode_sg.aws_security_group.mySG",
            "module.vpc.aws_subnet.public-subnet1",
            "module.vpc.aws_vpc.YAKOUT-VPC"
          ]
        }
      ]
    },
    {
      "module": "module.controlnode_sg",
      "mode": "managed",
      "type": "aws_security_group",
      "name": "mySG",
      "provider": "provider[\"registry.terraform.io/hashicorp/aws\"]",
      "instances": [
        {
          "schema_version": 1,
          "attributes": {
            "arn": "arn:aws:ec2:us-east-1:724772082485:security-group/sg-0c8fd83d7897ea912",
            "description": "This is Control Node Security Group",
            "egress": [],
            "id": "sg-0c8fd83d7897ea912",
            "ingress": [],
            "name": "controlnode_sg",
            "name_prefix": "",
            "owner_id": "724772082485",
            "region": "us-east-1",
            "revoke_rules_on_delete": false,
            "tags": {
              "Name": "ControlNode-SG"
            },
            "tags_all": {
              "Name": "ControlNode-SG"
            },
            "timeouts": null,
            "vpc_id": "vpc-0a996252ded082510"
          },
          "sensitive_attributes": [],
          "identity_schema_version": 0,
          "identity": {
            "account_id": "724772082485",
            "id": "sg-0c8fd83d7897ea912",
            "region": "us-east-1"
          },
          "private": "eyJlMmJmYjczMC1lY2FhLTExZTYtOGY4OC0zNDM2M2JjN2M0YzAiOnsiY3JlYXRlIjo2MDAwMDAwMDAwMDAsImRlbGV0ZSI6OTAwMDAwMDAwMDAwfSwic2NoZW1hX3ZlcnNpb24iOiIxIn0=",
          "dependencies": [
            "module.vpc.aws_vpc.YAKOUT-VPC"
          ]
        }
      ]
    },
    {
      "module": "module.controlnode_sg",
      "mode": "managed",
      "type": "aws_vpc_security_group_egress_rule",
      "name": "egress_rules",
      "provider": "provider[\"registry.terraform.io/hashicorp/aws\"]",
      "instances": [
        {
          "index_key": "default",
          "schema_version": 0,
          "attributes": {
            "arn": "arn:aws:ec2:us-east-1:724772082485:security-group-rule/sgr-00fa90c6d4012cb0b",
            "cidr_ipv4": "0.0.0.0/0",
            "cidr_ipv6": null,
            "description": null,
            "from_port": null,
            "id": "sgr-00fa90c6d4012cb0b",
            "ip_protocol": "-1",
            "prefix_list_id": null,
            "referenced_security_group_id": null,
            "region": "us-east-1",
            "security_group_id": "sg-0c8fd83d7897ea912",
            "security_group_rule_id": "sgr-00fa90c6d4012cb0b",
            "tags": null,
            "tags_all": {},
            "to_port": null
          },
          "sensitive_attributes": [],
          "identity_schema_version": 0,
          "identity": {
            "account_id": "724772082485",
            "id": "sgr-00fa90c6d4012cb0b",
            "region": "us-east-1"
          },
          "dependencies": [
            "module.controlnode_sg.aws_security_group.mySG",
            "module.vpc.aws_vpc.YAKOUT-VPC"
          ]
        }
      ]
    },
    {
      "module": "module.controlnode_sg",
      "mode": "managed",
      "type": "aws_vpc_security_group_ingress_rule",
      "name": "ingress_rules",
      "provider": "provider[\"registry.terraform.io/hashicorp/aws\"]",
      "instances": [
        {
          "index_key": "grafana",
          "schema_version": 0,
          "attributes": {
            "arn": "arn:aws:ec2:us-east-1:724772082485:security-group-rule/sgr-078c76992d1e8b269",
            "cidr_ipv4": "0.0.0.0/0",
            "cidr_ipv6": null,
            "description": null,
            "from_port": 3000,
            "id": "sgr-078c76992d1e8b269",
            "ip_protocol": "tcp",
            "prefix_list_id": null,
            "referenced_security_group_id": null,
            "region": "us-east-1",
            "security_group_id": "sg-0c8fd83d7897ea912",
            "security_group_rule_id": "sgr-078c76992d1e8b269",
            "tags": null,
            "tags_all": {},
            "to_port": 3000
          },
          "sensitive_attributes": [],
          "identity_schema_version": 0,
          "identity": {
            "account_id": "724772082485",
            "id": "sgr-078c76992d1e8b269",
            "region": "us-east-1"
          },
          "dependencies": [
            "module.controlnode_sg.aws_security_group.mySG",
            "module.vpc.aws_vpc.YAKOUT-VPC"
          ]
        },
        {
          "index_key": "http",
          "schema_version": 0,
          "attributes": {
            "arn": "arn:aws:ec2:us-east-1:724772082485:security-group-rule/sgr-04cab9f462fc0f158",
            "cidr_ipv4": "0.0.0.0/0",
            "cidr_ipv6": null,
            "description": null,
            "from_port": 80,
            "id": "sgr-04cab9f462fc0f158",
            "ip_protocol": "tcp",
            "prefix_list_id": null,
            "referenced_security_group_id": null,
            "region": "us-east-1",
            "security_group_id": "sg-0c8fd83d7897ea912",
            "security_group_rule_id": "sgr-04cab9f462fc0f158",
            "tags": null,
            "tags_all": {},
            "to_port": 80
          },
          "sensitive_attributes": [],
          "identity_schema_version": 0,
          "identity": {
            "account_id": "724772082485",
            "id": "sgr-04cab9f462fc0f158",
            "region": "us-east-1"
          },
          "dependencies": [
            "module.controlnode_sg.aws_security_group.mySG",
            "module.vpc.aws_vpc.YAKOUT-VPC"
          ]
        },
        {
          "index_key": "icmp",
          "schema_version": 0,
          "attributes": {
            "arn": "arn:aws:ec2:us-east-1:724772082485:security-group-rule/sgr-09833c4fc7b70010a",
            "cidr_ipv4": "0.0.0.0/0",
            "cidr_ipv6": null,
            "description": null,
            "from_port": -1,
            "id": "sgr-09833c4fc7b70010a",
            "ip_protocol": "icmp",
            "prefix_list_id": null,
            "referenced_security_group_id": null,
            "region": "us-east-1",
            "security_group_id": "sg-0c8fd83d7897ea912",
            "security_group_rule_id": "sgr-09833c4fc7b70010a",
            "tags": null,
            "tags_all": {},
            "to_port": -1
          },
          "sensitive_attributes": [],
          "identity_schema_version": 0,
          "identity": {
            "account_id": "724772082485",
            "id": "sgr-09833c4fc7b70010a",
            "region": "us-east-1"
          },
          "dependencies": [
            "module.controlnode_sg.aws_security_group.mySG",
            "module.vpc.aws_vpc.YAKOUT-VPC"
          ]
        },
        {
          "index_key": "prometheus",
          "schema_version": 0,
          "attributes": {
            "arn": "arn:aws:ec2:us-east-1:724772082485:security-group-rule/sgr-02c77e6daa005952b",
            "cidr_ipv4": "0.0.0.0/0",
            "cidr_ipv6": null,
            "description": null,
            "from_port": 9090,
            "id": "sgr-02c77e6daa005952b",
            "ip_protocol": "tcp",
            "prefix_list_id": null,
            "referenced_security_group_id": null,
            "region": "us-east-1",
            "security_group_id": "sg-0c8fd83d7897ea912",
            "security_group_rule_id": "sgr-02c77e6daa005952b",
            "tags": null,
            "tags_all": {},
            "to_port": 9090
          },
          "sensitive_attributes": [],
          "identity_schema_version": 0,
          "identity": {
            "account_id": "724772082485",
            "id": "sgr-02c77e6daa005952b",
            "region": "us-east-1"
          },
          "dependencies": [
            "module.controlnode_sg.aws_security_group.mySG",
            "module.vpc.aws_vpc.YAKOUT-VPC"
          ]
        },
        {
          "index_key": "ssh",
          "schema_version": 0,
          "attributes": {
            "arn": "arn:aws:ec2:us-east-1:724772082485:security-group-rule/sgr-03473c65ece18f2f1",
            "cidr_ipv4": "0.0.0.0/0",
            "cidr_ipv6": null,
            "description": null,
            "from_port": 22,
            "id": "sgr-03473c65ece18f2f1",
            "ip_protocol": "tcp",
            "prefix_list_id": null,
            "referenced_security_group_id": null,
            "region": "us-east-1",
            "security_group_id": "sg-0c8fd83d7897ea912",
            "security_group_rule_id": "sgr-03473c65ece18f2f1",
            "tags": null,
            "tags_all": {},
            "to_port": 22
          },
          "sensitive_attributes": [],
          "identity_schema_version": 0,
          "identity": {
            "account_id": "724772082485",
            "id": "sgr-03473c65ece18f2f1",
            "region": "us-east-1"
          },
          "dependencies": [
            "module.controlnode_sg.aws_security_group.mySG",
            "module.vpc.aws_vpc.YAKOUT-VPC"
          ]
        }
      ]
    },
    {
      "module": "module.vpc",
      "mode": "managed",
      "type": "aws_internet_gateway",
      "name": "igw",
      "provider": "provider[\"registry.terraform.io/hashicorp/aws\"]",
      "instances": [
        {
          "schema_version": 0,
          "attributes": {
            "arn": "arn:aws:ec2:us-east-1:724772082485:internet-gateway/igw-06b6f5a50af82540e",
            "id": "igw-06b6f5a50af82540e",
            "owner_id": "724772082485",
            "region": "us-east-1",
            "tags": {
              "Name": "SEIF-IGW"
            },
            "tags_all": {
              "Name": "SEIF-IGW"
            },
            "timeouts": null,
            "vpc_id": "vpc-0a996252ded082510"
          },
          "sensitive_attributes": [],
          "identity_schema_version": 0,
          "private": "eyJlMmJmYjczMC1lY2FhLTExZTYtOGY4OC0zNDM2M2JjN2M0YzAiOnsiY3JlYXRlIjoxMjAwMDAwMDAwMDAwLCJkZWxldGUiOjEyMDAwMDAwMDAwMDAsInVwZGF0ZSI6MTIwMDAwMDAwMDAwMH19",
          "dependencies": [
            "module.vpc.aws_vpc.YAKOUT-VPC"
          ]
        }
      ]
    },
    {
      "module": "module.vpc",
      "mode": "managed",
      "type": "aws_route",
      "name": "internet_route",
      "provider": "provider[\"registry.terraform.io/hashicorp/aws\"]",
      "instances": [
        {
          "schema_version": 0,
          "attributes": {
            "carrier_gateway_id": "",
            "core_network_arn": "",
            "destination_cidr_block": "0.0.0.0/0",
            "destination_ipv6_cidr_block": "",
            "destination_prefix_list_id": "",
            "egress_only_gateway_id": "",
            "gateway_id": "igw-06b6f5a50af82540e",
            "id": "r-rtb-00b1a7cb0dcdfdbfe1080289494",
            "instance_id": "",
            "instance_owner_id": "",
            "local_gateway_id": "",
            "nat_gateway_id": "",
            "network_interface_id": "",
            "origin": "CreateRoute",
            "region": "us-east-1",
            "route_table_id": "rtb-00b1a7cb0dcdfdbfe",
            "state": "active",
            "timeouts": null,
            "transit_gateway_id": "",
            "vpc_endpoint_id": "",
            "vpc_peering_connection_id": ""
          },
          "sensitive_attributes": [],
          "identity_schema_version": 0,
          "identity": {
            "account_id": "724772082485",
            "destination_cidr_block": "0.0.0.0/0",
            "destination_ipv6_cidr_block": null,
            "destination_prefix_list_id": null,
            "region": "us-east-1",
            "route_table_id": "rtb-00b1a7cb0dcdfdbfe"
          },
          "private": "eyJlMmJmYjczMC1lY2FhLTExZTYtOGY4OC0zNDM2M2JjN2M0YzAiOnsiY3JlYXRlIjozMDAwMDAwMDAwMDAsImRlbGV0ZSI6MzAwMDAwMDAwMDAwLCJ1cGRhdGUiOjEyMDAwMDAwMDAwMH19",
          "dependencies": [
            "module.vpc.aws_internet_gateway.igw",
            "module.vpc.aws_route_table.public_rt",
            "module.vpc.aws_vpc.YAKOUT-VPC"
          ]
        }
      ]
    },
    {
      "module": "module.vpc",
      "mode": "managed",
      "type": "aws_route_table",
      "name": "public_rt",
      "provider": "provider[\"registry.terraform.io/hashicorp/aws\"]",
      "instances": [
        {
          "schema_version": 0,
          "attributes": {
            "arn": "arn:aws:ec2:us-east-1:724772082485:route-table/rtb-00b1a7cb0dcdfdbfe",
            "id": "rtb-00b1a7cb0dcdfdbfe",
            "owner_id": "724772082485",
            "propagating_vgws": [],
            "region": "us-east-1",
            "route": [],
            "tags": {
              "Name": "PublicRT"
            },
            "tags_all": {
              "Name": "PublicRT"
            },
            "timeouts": null,
            "vpc_id": "vpc-0a996252ded082510"
          },
          "sensitive_attributes": [],
          "identity_schema_version": 0,
          "identity": {
            "account_id": "724772082485",
            "id": "rtb-00b1a7cb0dcdfdbfe",
            "region": "us-east-1"
          },
          "private": "eyJlMmJmYjczMC1lY2FhLTExZTYtOGY4OC0zNDM2M2JjN2M0YzAiOnsiY3JlYXRlIjozMDAwMDAwMDAwMDAsImRlbGV0ZSI6MzAwMDAwMDAwMDAwLCJ1cGRhdGUiOjEyMDAwMDAwMDAwMH19",
          "dependencies": [
            "module.vpc.aws_vpc.YAKOUT-VPC"
          ]
        }
      ]
    },
    {
      "module": "module.vpc",
      "mode": "managed",
      "type": "aws_route_table_association",
      "name": "public-subnet1",
      "provider": "provider[\"registry.terraform.io/hashicorp/aws\"]",
      "instances": [
        {
          "schema_version": 0,
          "attributes": {
            "gateway_id": "",
            "id": "rtbassoc-0d099116ef7df6bc6",
            "region": "us-east-1",
            "route_table_id": "rtb-00b1a7cb0dcdfdbfe",
            "subnet_id": "subnet-01261e10e889ef3bb",
            "timeouts": null
          },
          "sensitive_attributes": [],
          "identity_schema_version": 0,
          "private": "eyJlMmJmYjczMC1lY2FhLTExZTYtOGY4OC0zNDM2M2JjN2M0YzAiOnsiY3JlYXRlIjozMDAwMDAwMDAwMDAsImRlbGV0ZSI6MzAwMDAwMDAwMDAwLCJ1cGRhdGUiOjEyMDAwMDAwMDAwMH19",
          "dependencies": [
            "module.vpc.aws_route_table.public_rt",
            "module.vpc.aws_subnet.public-subnet1",
            "module.vpc.aws_vpc.YAKOUT-VPC"
          ]
        }
      ]
    },
    {
      "module": "module.vpc",
      "mode": "managed",
      "type": "aws_subnet",
      "name": "public-subnet1",
      "provider": "provider[\"registry.terraform.io/hashicorp/aws\"]",
      "instances": [
        {
          "schema_version": 1,
          "attributes": {
            "arn": "arn:aws:ec2:us-east-1:724772082485:subnet/subnet-01261e10e889ef3bb",
            "assign_ipv6_address_on_creation": false,
            "availability_zone": "us-east-1a",
            "availability_zone_id": "use1-az1",
            "cidr_block": "10.0.1.0/24",
            "customer_owned_ipv4_pool": "",
            "enable_dns64": false,
            "enable_lni_at_device_index": 0,
            "enable_resource_name_dns_a_record_on_launch": false,
            "enable_resource_name_dns_aaaa_record_on_launch": false,
            "id": "subnet-01261e10e889ef3bb",
            "ipv6_cidr_block": "",
            "ipv6_cidr_block_association_id": "",
            "ipv6_native": false,
            "map_customer_owned_ip_on_launch": false,
            "map_public_ip_on_launch": true,
            "outpost_arn": "",
            "owner_id": "724772082485",
            "private_dns_hostname_type_on_launch": "ip-name",
            "region": "us-east-1",
            "tags": {
              "Name": "Public-Subnet1"
            },
            "tags_all": {
              "Name": "Public-Subnet1"
            },
            "timeouts": null,
            "vpc_id": "vpc-0a996252ded082510"
          },
          "sensitive_attributes": [],
          "identity_schema_version": 0,
          "identity": {
            "account_id": "724772082485",
            "id": "subnet-01261e10e889ef3bb",
            "region": "us-east-1"
          },
          "private": "eyJlMmJmYjczMC1lY2FhLTExZTYtOGY4OC0zNDM2M2JjN2M0YzAiOnsiY3JlYXRlIjo2MDAwMDAwMDAwMDAsImRlbGV0ZSI6MTIwMDAwMDAwMDAwMH0sInNjaGVtYV92ZXJzaW9uIjoiMSJ9",
          "dependencies": [
            "module.vpc.aws_vpc.YAKOUT-VPC"
          ]
        }
      ]
    },
    {
      "module": "module.vpc",
      "mode": "managed",
      "type": "aws_vpc",
      "name": "YAKOUT-VPC",
      "provider": "provider[\"registry.terraform.io/hashicorp/aws\"]",
      "instances": [
        {
          "schema_version": 1,
          "attributes": {
            "arn": "arn:aws:ec2:us-east-1:724772082485:vpc/vpc-0a996252ded082510",
            "assign_generated_ipv6_cidr_block": false,
            "cidr_block": "10.0.0.0/16",
            "default_network_acl_id": "acl-04d993c9571d8bc25",
            "default_route_table_id": "rtb-06908333fa73c023a",
            "default_security_group_id": "sg-0f7261d8acbda5dd9",
            "dhcp_options_id": "dopt-0752c090f1368c13c",
            "enable_dns_hostnames": true,
            "enable_dns_support": true,
            "enable_network_address_usage_metrics": false,
            "id": "vpc-0a996252ded082510",
            "instance_tenancy": "default",
            "ipv4_ipam_pool_id": null,
            "ipv4_netmask_length": null,
            "ipv6_association_id": "",
            "ipv6_cidr_block": "",
            "ipv6_cidr_block_network_border_group": "",
            "ipv6_ipam_pool_id": "",
            "ipv6_netmask_length": 0,
            "main_route_table_id": "rtb-06908333fa73c023a",
            "owner_id": "724772082485",
            "region": "us-east-1",
            "tags": {
              "Name": "SEIF-VPC"
            },
            "tags_all": {
              "Name": "SEIF-VPC"
            }
          },
          "sensitive_attributes": [],
          "identity_schema_version": 0,
          "identity": {
            "account_id": "724772082485",
            "id": "vpc-0a996252ded082510",
            "region": "us-east-1"
          },
          "private": "eyJzY2hlbWFfdmVyc2lvbiI6IjEifQ=="
        }
      ]
    },
    {
      "module": "module.webserver[0]",
      "mode": "managed",
      "type": "aws_instance",
      "name": "webserver",
      "provider": "provider[\"registry.terraform.io/hashicorp/aws\"]",
      "instances": [
        {
          "schema_version": 2,
          "attributes": {
            "ami": "ami-0c398cb65a93047f2",
            "arn": "arn:aws:ec2:us-east-1:724772082485:instance/i-07d3737db8bafb64c",
            "associate_public_ip_address": true,
            "availability_zone": "us-east-1a",
            "capacity_reservation_specification": [
              {
                "capacity_reservation_preference": "open",
                "capacity_reservation_target": []
              }
            ],
            "cpu_options": [
              {
                "amd_sev_snp": "",
                "core_count": 1,
                "threads_per_core": 1
              }
            ],
            "credit_specification": [
              {
                "cpu_credits": "standard"
              }
            ],
            "disable_api_stop": false,
            "disable_api_termination": false,
            "ebs_block_device": [],
            "ebs_optimized": false,
            "enable_primary_ipv6": null,
            "enclave_options": [
              {
                "enabled": false
              }
            ],
            "ephemeral_block_device": [],
            "force_destroy": false,
            "get_password_data": false,
            "hibernation": false,
            "host_id": "",
            "host_resource_group_arn": null,
            "iam_instance_profile": "",
            "id": "i-07d3737db8bafb64c",
            "instance_initiated_shutdown_behavior": "stop",
            "instance_lifecycle": "",
            "instance_market_options": [],
            "instance_state": "running",
            "instance_type": "t2.micro",
            "ipv6_address_count": 0,
            "ipv6_addresses": [],
            "key_name": "deployer-key",
            "launch_template": [],
            "maintenance_options": [
              {
                "auto_recovery": "default"
              }
            ],
            "metadata_options": [
              {
                "http_endpoint": "enabled",
                "http_protocol_ipv6": "disabled",
                "http_put_response_hop_limit": 1,
                "http_tokens": "optional",
                "instance_metadata_tags": "disabled"
              }
            ],
            "monitoring": false,
            "network_interface": [],
            "outpost_arn": "",
            "password_data": "",
            "placement_group": "",
            "placement_group_id": "",
            "placement_partition_number": 0,
            "primary_network_interface": [
              {
                "delete_on_termination": true,
                "network_interface_id": "eni-0da4a36076caf81ef"
              }
            ],
            "primary_network_interface_id": "eni-0da4a36076caf81ef",
            "private_dns": "ip-10-0-1-207.ec2.internal",
            "private_dns_name_options": [
              {
                "enable_resource_name_dns_a_record": false,
                "enable_resource_name_dns_aaaa_record": false,
                "hostname_type": "ip-name"
              }
            ],
            "private_ip": "10.0.1.207",
            "public_dns": "ec2-44-192-2-29.compute-1.amazonaws.com",
            "public_ip": "44.192.2.29",
            "region": "us-east-1",
            "root_block_device": [
              {
                "delete_on_termination": true,
                "device_name": "/dev/sda1",
                "encrypted": false,
                "iops": 100,
                "kms_key_id": "",
                "tags": {},
                "tags_all": {},
                "throughput": 0,
                "volume_id": "vol-0896bc7ad291f382f",
                "volume_size": 8,
                "volume_type": "gp2"
              }
            ],
            "secondary_private_ips": [],
            "security_groups": [],
            "source_dest_check": true,
            "spot_instance_request_id": "",
            "subnet_id": "subnet-01261e10e889ef3bb",
            "tags": {
              "Name": "webserver0"
            },
            "tags_all": {
              "Name": "webserver0"
            },
            "tenancy": "default",
            "timeouts": null,
            "user_data": "#!/bin/bash\n\n#Hold Kernel updates\ndpkg --get-selections | grep -E 'linux-(image|headers)-[0-9]+' | awk '{print $1}' | xargs sudo apt-mark hold\n\n\n# Install Apache and python3\napt install -y apache2  python3 \n\nsystemctl  daemon-reload",
            "user_data_base64": null,
            "user_data_replace_on_change": false,
            "volume_tags": null,
            "vpc_security_group_ids": [
              "sg-06a9181ad789d39f9"
            ]
          },
          "sensitive_attributes": [],
          "identity_schema_version": 0,
          "identity": {
            "account_id": "724772082485",
            "id": "i-07d3737db8bafb64c",
            "region": "us-east-1"
          },
          "private": "eyJlMmJmYjczMC1lY2FhLTExZTYtOGY4OC0zNDM2M2JjN2M0YzAiOnsiY3JlYXRlIjo2MDAwMDAwMDAwMDAsImRlbGV0ZSI6MTIwMDAwMDAwMDAwMCwicmVhZCI6OTAwMDAwMDAwMDAwLCJ1cGRhdGUiOjYwMDAwMDAwMDAwMH0sInNjaGVtYV92ZXJzaW9uIjoiMiJ9",
          "dependencies": [
            "aws_key_pair.deployer",
            "module.vpc.aws_subnet.public-subnet1",
            "module.vpc.aws_vpc.YAKOUT-VPC",
            "module.workernode_sg.aws_security_group.mySG"
          ]
        }
      ]
    },
    {
      "module": "module.webserver[1]",
      "mode": "managed",
      "type": "aws_instance",
      "name": "webserver",
      "provider": "provider[\"registry.terraform.io/hashicorp/aws\"]",
      "instances": [
        {
          "schema_version": 2,
          "attributes": {
            "ami": "ami-0c398cb65a93047f2",
            "arn": "arn:aws:ec2:us-east-1:724772082485:instance/i-0285f2d81a1687210",
            "associate_public_ip_address": true,
            "availability_zone": "us-east-1a",
            "capacity_reservation_specification": [
              {
                "capacity_reservation_preference": "open",
                "capacity_reservation_target": []
              }
            ],
            "cpu_options": [
              {
                "amd_sev_snp": "",
                "core_count": 1,
                "threads_per_core": 1
              }
            ],
            "credit_specification": [
              {
                "cpu_credits": "standard"
              }
            ],
            "disable_api_stop": false,
            "disable_api_termination": false,
            "ebs_block_device": [],
            "ebs_optimized": false,
            "enable_primary_ipv6": null,
            "enclave_options": [
              {
                "enabled": false
              }
            ],
            "ephemeral_block_device": [],
            "force_destroy": false,
            "get_password_data": false,
            "hibernation": false,
            "host_id": "",
            "host_resource_group_arn": null,
            "iam_instance_profile": "",
            "id": "i-0285f2d81a1687210",
            "instance_initiated_shutdown_behavior": "stop",
            "instance_lifecycle": "",
            "instance_market_options": [],
            "instance_state": "running",
            "instance_type": "t2.micro",
            "ipv6_address_count": 0,
            "ipv6_addresses": [],
            "key_name": "deployer-key",
            "launch_template": [],
            "maintenance_options": [
              {
                "auto_recovery": "default"
              }
            ],
            "metadata_options": [
              {
                "http_endpoint": "enabled",
                "http_protocol_ipv6": "disabled",
                "http_put_response_hop_limit": 1,
                "http_tokens": "optional",
                "instance_metadata_tags": "disabled"
              }
            ],
            "monitoring": false,
            "network_interface": [],
            "outpost_arn": "",
            "password_data": "",
            "placement_group": "",
            "placement_group_id": "",
            "placement_partition_number": 0,
            "primary_network_interface": [
              {
                "delete_on_termination": true,
                "network_interface_id": "eni-0377299250c064c65"
              }
            ],
            "primary_network_interface_id": "eni-0377299250c064c65",
            "private_dns": "ip-10-0-1-216.ec2.internal",
            "private_dns_name_options": [
              {
                "enable_resource_name_dns_a_record": false,
                "enable_resource_name_dns_aaaa_record": false,
                "hostname_type": "ip-name"
              }
            ],
            "private_ip": "10.0.1.216",
            "public_dns": "ec2-44-203-11-29.compute-1.amazonaws.com",
            "public_ip": "44.203.11.29",
            "region": "us-east-1",
            "root_block_device": [
              {
                "delete_on_termination": true,
                "device_name": "/dev/sda1",
                "encrypted": false,
                "iops": 100,
                "kms_key_id": "",
                "tags": {},
                "tags_all": {},
                "throughput": 0,
                "volume_id": "vol-08751e19edd3d5769",
                "volume_size": 8,
                "volume_type": "gp2"
              }
            ],
            "secondary_private_ips": [],
            "security_groups": [],
            "source_dest_check": true,
            "spot_instance_request_id": "",
            "subnet_id": "subnet-01261e10e889ef3bb",
            "tags": {
              "Name": "webserver1"
            },
            "tags_all": {
              "Name": "webserver1"
            },
            "tenancy": "default",
            "timeouts": null,
            "user_data": "#!/bin/bash\n\n#Hold Kernel updates\ndpkg --get-selections | grep -E 'linux-(image|headers)-[0-9]+' | awk '{print $1}' | xargs sudo apt-mark hold\n\n\n# Install Apache and python3\napt install -y apache2  python3 \n\nsystemctl  daemon-reload",
            "user_data_base64": null,
            "user_data_replace_on_change": false,
            "volume_tags": null,
            "vpc_security_group_ids": [
              "sg-06a9181ad789d39f9"
            ]
          },
          "sensitive_attributes": [],
          "identity_schema_version": 0,
          "identity": {
            "account_id": "724772082485",
            "id": "i-0285f2d81a1687210",
            "region": "us-east-1"
          },
          "private": "eyJlMmJmYjczMC1lY2FhLTExZTYtOGY4OC0zNDM2M2JjN2M0YzAiOnsiY3JlYXRlIjo2MDAwMDAwMDAwMDAsImRlbGV0ZSI6MTIwMDAwMDAwMDAwMCwicmVhZCI6OTAwMDAwMDAwMDAwLCJ1cGRhdGUiOjYwMDAwMDAwMDAwMH0sInNjaGVtYV92ZXJzaW9uIjoiMiJ9",
          "dependencies": [
            "aws_key_pair.deployer",
            "module.vpc.aws_subnet.public-subnet1",
            "module.vpc.aws_vpc.YAKOUT-VPC",
            "module.workernode_sg.aws_security_group.mySG"
          ]
        }
      ]
    },
    {
      "module": "module.workernode_sg",
      "mode": "managed",
      "type": "aws_security_group",
      "name": "mySG",
      "provider": "provider[\"registry.terraform.io/hashicorp/aws\"]",
      "instances": [
        {
          "schema_version": 1,
          "attributes": {
            "arn": "arn:aws:ec2:us-east-1:724772082485:security-group/sg-06a9181ad789d39f9",
            "description": "This is Worker Node Security Group",
            "egress": [],
            "id": "sg-06a9181ad789d39f9",
            "ingress": [],
            "name": "workernode_sg",
            "name_prefix": "",
            "owner_id": "724772082485",
            "region": "us-east-1",
            "revoke_rules_on_delete": false,
            "tags": {
              "Name": "WorkerNode-SG"
            },
            "tags_all": {
              "Name": "WorkerNode-SG"
            },
            "timeouts": null,
            "vpc_id": "vpc-0a996252ded082510"
          },
          "sensitive_attributes": [],
          "identity_schema_version": 0,
          "identity": {
            "account_id": "724772082485",
            "id": "sg-06a9181ad789d39f9",
            "region": "us-east-1"
          },
          "private": "eyJlMmJmYjczMC1lY2FhLTExZTYtOGY4OC0zNDM2M2JjN2M0YzAiOnsiY3JlYXRlIjo2MDAwMDAwMDAwMDAsImRlbGV0ZSI6OTAwMDAwMDAwMDAwfSwic2NoZW1hX3ZlcnNpb24iOiIxIn0=",
          "dependencies": [
            "module.vpc.aws_vpc.YAKOUT-VPC"
          ]
        }
      ]
    },
    {
      "module": "module.workernode_sg",
      "mode": "managed",
      "type": "aws_vpc_security_group_egress_rule",
      "name": "egress_rules",
      "provider": "provider[\"registry.terraform.io/hashicorp/aws\"]",
      "instances": [
        {
          "index_key": "default",
          "schema_version": 0,
          "attributes": {
            "arn": "arn:aws:ec2:us-east-1:724772082485:security-group-rule/sgr-0e0d9fe4753702131",
            "cidr_ipv4": "0.0.0.0/0",
            "cidr_ipv6": null,
            "description": null,
            "from_port": null,
            "id": "sgr-0e0d9fe4753702131",
            "ip_protocol": "-1",
            "prefix_list_id": null,
            "referenced_security_group_id": null,
            "region": "us-east-1",
            "security_group_id": "sg-06a9181ad789d39f9",
            "security_group_rule_id": "sgr-0e0d9fe4753702131",
            "tags": null,
            "tags_all": {},
            "to_port": null
          },
          "sensitive_attributes": [],
          "identity_schema_version": 0,
          "identity": {
            "account_id": "724772082485",
            "id": "sgr-0e0d9fe4753702131",
            "region": "us-east-1"
          },
          "dependencies": [
            "module.vpc.aws_vpc.YAKOUT-VPC",
            "module.workernode_sg.aws_security_group.mySG"
          ]
        }
      ]
    },
    {
      "module": "module.workernode_sg",
      "mode": "managed",
      "type": "aws_vpc_security_group_ingress_rule",
      "name": "ingress_rules",
      "provider": "provider[\"registry.terraform.io/hashicorp/aws\"]",
      "instances": [
        {
          "index_key": "cadvisor",
          "schema_version": 0,
          "attributes": {
            "arn": "arn:aws:ec2:us-east-1:724772082485:security-group-rule/sgr-0772133ac0f2a7592",
            "cidr_ipv4": "0.0.0.0/0",
            "cidr_ipv6": null,
            "description": null,
            "from_port": 8080,
            "id": "sgr-0772133ac0f2a7592",
            "ip_protocol": "tcp",
            "prefix_list_id": null,
            "referenced_security_group_id": null,
            "region": "us-east-1",
            "security_group_id": "sg-06a9181ad789d39f9",
            "security_group_rule_id": "sgr-0772133ac0f2a7592",
            "tags": null,
            "tags_all": {},
            "to_port": 8080
          },
          "sensitive_attributes": [],
          "identity_schema_version": 0,
          "identity": {
            "account_id": "724772082485",
            "id": "sgr-0772133ac0f2a7592",
            "region": "us-east-1"
          },
          "dependencies": [
            "module.controlnode_sg.aws_security_group.mySG",
            "module.vpc.aws_vpc.YAKOUT-VPC",
            "module.workernode_sg.aws_security_group.mySG"
          ]
        },
        {
          "index_key": "http",
          "schema_version": 0,
          "attributes": {
            "arn": "arn:aws:ec2:us-east-1:724772082485:security-group-rule/sgr-0afc510937a2df576",
            "cidr_ipv4": "0.0.0.0/0",
            "cidr_ipv6": null,
            "description": null,
            "from_port": 80,
            "id": "sgr-0afc510937a2df576",
            "ip_protocol": "tcp",
            "prefix_list_id": null,
            "referenced_security_group_id": null,
            "region": "us-east-1",
            "security_group_id": "sg-06a9181ad789d39f9",
            "security_group_rule_id": "sgr-0afc510937a2df576",
            "tags": null,
            "tags_all": {},
            "to_port": 80
          },
          "sensitive_attributes": [],
          "identity_schema_version": 0,
          "identity": {
            "account_id": "724772082485",
            "id": "sgr-0afc510937a2df576",
            "region": "us-east-1"
          },
          "dependencies": [
            "module.controlnode_sg.aws_security_group.mySG",
            "module.vpc.aws_vpc.YAKOUT-VPC",
            "module.workernode_sg.aws_security_group.mySG"
          ]
        },
        {
          "index_key": "icmp",
          "schema_version": 0,
          "attributes": {
            "arn": "arn:aws:ec2:us-east-1:724772082485:security-group-rule/sgr-0ef3785bbf20680e8",
            "cidr_ipv4": null,
            "cidr_ipv6": null,
            "description": null,
            "from_port": -1,
            "id": "sgr-0ef3785bbf20680e8",
            "ip_protocol": "icmp",
            "prefix_list_id": null,
            "referenced_security_group_id": "sg-0c8fd83d7897ea912",
            "region": "us-east-1",
            "security_group_id": "sg-06a9181ad789d39f9",
            "security_group_rule_id": "sgr-0ef3785bbf20680e8",
            "tags": null,
            "tags_all": {},
            "to_port": -1
          },
          "sensitive_attributes": [],
          "identity_schema_version": 0,
          "identity": {
            "account_id": "724772082485",
            "id": "sgr-0ef3785bbf20680e8",
            "region": "us-east-1"
          },
          "dependencies": [
            "module.controlnode_sg.aws_security_group.mySG",
            "module.vpc.aws_vpc.YAKOUT-VPC",
            "module.workernode_sg.aws_security_group.mySG"
          ]
        },
        {
          "index_key": "node-exporter",
          "schema_version": 0,
          "attributes": {
            "arn": "arn:aws:ec2:us-east-1:724772082485:security-group-rule/sgr-0520d86e741c20924",
            "cidr_ipv4": "0.0.0.0/0",
            "cidr_ipv6": null,
            "description": null,
            "from_port": 9100,
            "id": "sgr-0520d86e741c20924",
            "ip_protocol": "tcp",
            "prefix_list_id": null,
            "referenced_security_group_id": null,
            "region": "us-east-1",
            "security_group_id": "sg-06a9181ad789d39f9",
            "security_group_rule_id": "sgr-0520d86e741c20924",
            "tags": null,
            "tags_all": {},
            "to_port": 9100
          },
          "sensitive_attributes": [],
          "identity_schema_version": 0,
          "identity": {
            "account_id": "724772082485",
            "id": "sgr-0520d86e741c20924",
            "region": "us-east-1"
          },
          "dependencies": [
            "module.controlnode_sg.aws_security_group.mySG",
            "module.vpc.aws_vpc.YAKOUT-VPC",
            "module.workernode_sg.aws_security_group.mySG"
          ]
        },
        {
          "index_key": "ssh",
          "schema_version": 0,
          "attributes": {
            "arn": "arn:aws:ec2:us-east-1:724772082485:security-group-rule/sgr-09d6e649c67fffa9a",
            "cidr_ipv4": null,
            "cidr_ipv6": null,
            "description": null,
            "from_port": 22,
            "id": "sgr-09d6e649c67fffa9a",
            "ip_protocol": "tcp",
            "prefix_list_id": null,
            "referenced_security_group_id": "sg-0c8fd83d7897ea912",
            "region": "us-east-1",
            "security_group_id": "sg-06a9181ad789d39f9",
            "security_group_rule_id": "sgr-09d6e649c67fffa9a",
            "tags": null,
            "tags_all": {},
            "to_port": 22
          },
          "sensitive_attributes": [],
          "identity_schema_version": 0,
          "identity": {
            "account_id": "724772082485",
            "id": "sgr-09d6e649c67fffa9a",
            "region": "us-east-1"
          },
          "dependencies": [
            "module.controlnode_sg.aws_security_group.mySG",
            "module.vpc.aws_vpc.YAKOUT-VPC",
            "module.workernode_sg.aws_security_group.mySG"
          ]
        }
      ]
    }
  ],
  "check_results": null
}
